
Microsoft Visual Studio Solution File, Format Version 12.00
# Visual Studio Version 17
VisualStudioVersion = 17.9.34714.143
MinimumVisualStudioVersion = 10.0.40219.1
Project("{FAE04EC0-301F-11D3-BF4B-00C04F79EFBC}") = "Astroverse", "Astroverse.csproj", "{0B12C73E-E9D8-4EF0-91A1-116B792D0B75}"
EndProject
Global
	GlobalSection(SolutionConfigurationPlatforms) = preSolution
		Debug|Any CPU = Debug|Any CPU
		Release|Any CPU = Release|Any CPU
	EndGlobalSection
	GlobalSection(ProjectConfigurationPlatforms) = postSolution
		{0B12C73E-E9D8-4EF0-91A1-116B792D0B75}.Debug|Any CPU.ActiveCfg = Debug|Any CPU
		{0B12C73E-E9D8-4EF0-91A1-116B792D0B75}.Debug|Any CPU.Build.0 = Debug|Any CPU
		{0B12C73E-E9D8-4EF0-91A1-116B792D0B75}.Debug|Any CPU.Deploy.0 = Debug|Any CPU
		{0B12C73E-E9D8-4EF0-91A1-116B792D0B75}.Release|Any CPU.ActiveCfg = Release|Any CPU
		{0B12C73E-E9D8-4EF0-91A1-116B792D0B75}.Release|Any CPU.Build.0 = Release|Any CPU
		{0B12C73E-E9D8-4EF0-91A1-116B792D0B75}.Release|Any CPU.Deploy.0 = Release|Any CPU
	EndGlobalSection
	GlobalSection(SolutionProperties) = preSolution
		HideSolutionNode = FALSE
	EndGlobalSection
	GlobalSection(ExtensibilityGlobals) = postSolution
		SolutionGuid = {7D65CE2A-C636-443E-B7C9-269973CE8358}
	EndGlobalSection
EndGlobal
